
Microsoft Visual Studio Solution File, Format Version 12.00
# Visual Studio 15
VisualStudioVersion = 15.0.28010.2026
MinimumVisualStudioVersion = 10.0.40219.1
Project("{FAE04EC0-301F-11D3-BF4B-00C04F79EFBC}") = "Swapcode.AlloyWeb", "Swapcode.AlloyWeb\Swapcode.AlloyWeb.csproj", "{6A49CCCC-459D-4047-95A3-150DF4109282}"
EndProject
Project("{2150E333-8FDC-42A3-9474-1A3956D46DE8}") = "Solution Items", "Solution Items", "{6AB55CE0-6142-456F-B290-A90E747E6336}"
	ProjectSection(SolutionItems) = preProject
		.editorconfig = .editorconfig
		NuGet.config = NuGet.config
	EndProjectSection
EndProject
Global
	GlobalSection(SolutionConfigurationPlatforms) = preSolution
		Debug|Any CPU = Debug|Any CPU
		Release|Any CPU = Release|Any CPU
	EndGlobalSection
	GlobalSection(ProjectConfigurationPlatforms) = postSolution
		{6A49CCCC-459D-4047-95A3-150DF4109282}.Debug|Any CPU.ActiveCfg = Debug|Any CPU
		{6A49CCCC-459D-4047-95A3-150DF4109282}.Debug|Any CPU.Build.0 = Debug|Any CPU
		{6A49CCCC-459D-4047-95A3-150DF4109282}.Release|Any CPU.ActiveCfg = Release|Any CPU
		{6A49CCCC-459D-4047-95A3-150DF4109282}.Release|Any CPU.Build.0 = Release|Any CPU
	EndGlobalSection
	GlobalSection(SolutionProperties) = preSolution
		HideSolutionNode = FALSE
	EndGlobalSection
	GlobalSection(ExtensibilityGlobals) = postSolution
		SolutionGuid = {4BA865FF-BD78-4A92-9A37-72AD9C547474}
	EndGlobalSection
EndGlobal
